
Microsoft Visual Studio Solution File, Format Version 12.00
# Visual Studio Version 16
VisualStudioVersion = 16.0.30204.135
MinimumVisualStudioVersion = 10.0.40219.1
Project("{9A19103F-16F7-4668-BE54-9A1E7A4F7556}") = "WpfTerminalControlLib", "WpfTerminalControlLib\WpfTerminalControlLib.csproj", "{AE6856C1-EB31-4393-8C87-ACF7DF4D9C89}"
EndProject
Project("{9A19103F-16F7-4668-BE54-9A1E7A4F7556}") = "WpfTestApp", "Test\WpfTestApp\WpfTestApp.csproj", "{89523515-2612-440B-80D5-AFD7326B4FE7}"
EndProject
Project("{9A19103F-16F7-4668-BE54-9A1E7A4F7556}") = "TerminalTest", "Test\TerminalTest\TerminalTest.csproj", "{EA9FDC77-2DA6-45E1-A060-51AF87994CA9}"
EndProject
Project("{9A19103F-16F7-4668-BE54-9A1E7A4F7556}") = "WpfTerminalAddon", "WpfTerminalAddon\WpfTerminalAddon.csproj", "{D4E10430-7DB5-4108-8AD9-C95040EEFB23}"
EndProject
Project("{9A19103F-16F7-4668-BE54-9A1E7A4F7556}") = "WpfPowershellTerminal", "WpfPowershellTerminal\WpfPowershellTerminal.csproj", "{B14B7803-8853-443B-B466-9EF2B51853F3}"
EndProject
Project("{FAE04EC0-301F-11D3-BF4B-00C04F79EFBC}") = "ScriptConsole", "ScriptConsole\ScriptConsole.csproj", "{C55053A5-58FA-4906-87EB-F8ACBD39532F}"
EndProject
Global
	GlobalSection(SolutionConfigurationPlatforms) = preSolution
		Debug|Any CPU = Debug|Any CPU
		Release|Any CPU = Release|Any CPU
	EndGlobalSection
	GlobalSection(ProjectConfigurationPlatforms) = postSolution
		{AE6856C1-EB31-4393-8C87-ACF7DF4D9C89}.Debug|Any CPU.ActiveCfg = Debug|Any CPU
		{AE6856C1-EB31-4393-8C87-ACF7DF4D9C89}.Debug|Any CPU.Build.0 = Debug|Any CPU
		{AE6856C1-EB31-4393-8C87-ACF7DF4D9C89}.Release|Any CPU.ActiveCfg = Release|Any CPU
		{AE6856C1-EB31-4393-8C87-ACF7DF4D9C89}.Release|Any CPU.Build.0 = Release|Any CPU
		{89523515-2612-440B-80D5-AFD7326B4FE7}.Debug|Any CPU.ActiveCfg = Debug|Any CPU
		{89523515-2612-440B-80D5-AFD7326B4FE7}.Debug|Any CPU.Build.0 = Debug|Any CPU
		{89523515-2612-440B-80D5-AFD7326B4FE7}.Release|Any CPU.ActiveCfg = Release|Any CPU
		{89523515-2612-440B-80D5-AFD7326B4FE7}.Release|Any CPU.Build.0 = Release|Any CPU
		{EA9FDC77-2DA6-45E1-A060-51AF87994CA9}.Debug|Any CPU.ActiveCfg = Debug|Any CPU
		{EA9FDC77-2DA6-45E1-A060-51AF87994CA9}.Debug|Any CPU.Build.0 = Debug|Any CPU
		{EA9FDC77-2DA6-45E1-A060-51AF87994CA9}.Release|Any CPU.ActiveCfg = Release|Any CPU
		{EA9FDC77-2DA6-45E1-A060-51AF87994CA9}.Release|Any CPU.Build.0 = Release|Any CPU
		{D4E10430-7DB5-4108-8AD9-C95040EEFB23}.Debug|Any CPU.ActiveCfg = Debug|Any CPU
		{D4E10430-7DB5-4108-8AD9-C95040EEFB23}.Debug|Any CPU.Build.0 = Debug|Any CPU
		{D4E10430-7DB5-4108-8AD9-C95040EEFB23}.Release|Any CPU.ActiveCfg = Release|Any CPU
		{D4E10430-7DB5-4108-8AD9-C95040EEFB23}.Release|Any CPU.Build.0 = Release|Any CPU
		{B14B7803-8853-443B-B466-9EF2B51853F3}.Debug|Any CPU.ActiveCfg = Debug|Any CPU
		{B14B7803-8853-443B-B466-9EF2B51853F3}.Debug|Any CPU.Build.0 = Debug|Any CPU
		{B14B7803-8853-443B-B466-9EF2B51853F3}.Release|Any CPU.ActiveCfg = Release|Any CPU
		{B14B7803-8853-443B-B466-9EF2B51853F3}.Release|Any CPU.Build.0 = Release|Any CPU
		{C55053A5-58FA-4906-87EB-F8ACBD39532F}.Debug|Any CPU.ActiveCfg = Debug|Any CPU
		{C55053A5-58FA-4906-87EB-F8ACBD39532F}.Debug|Any CPU.Build.0 = Debug|Any CPU
		{C55053A5-58FA-4906-87EB-F8ACBD39532F}.Release|Any CPU.ActiveCfg = Release|Any CPU
		{C55053A5-58FA-4906-87EB-F8ACBD39532F}.Release|Any CPU.Build.0 = Release|Any CPU
	EndGlobalSection
	GlobalSection(SolutionProperties) = preSolution
		HideSolutionNode = FALSE
	EndGlobalSection
	GlobalSection(ExtensibilityGlobals) = postSolution
		SolutionGuid = {FF25B663-456D-4F12-A831-C00BE208C21B}
	EndGlobalSection
EndGlobal
